
Microsoft Visual Studio Solution File, Format Version 12.00
# Visual Studio Version 17
VisualStudioVersion = 17.3.32825.248
MinimumVisualStudioVersion = 10.0.40219.1
Project("{9A19103F-16F7-4668-BE54-9A1E7A4F7556}") = "ShopCenter.Presentation.Razor", "ShopCenter.Presentation.Razor\ShopCenter.Presentation.Razor.csproj", "{7F9A16CA-40F8-436D-B823-09A2989B9AEF}"
EndProject
Project("{9A19103F-16F7-4668-BE54-9A1E7A4F7556}") = "ShopCenter.Application", "ShopCenter.Application\ShopCenter.Application.csproj", "{90086BB7-AC5F-4350-ADBE-CE4E2F0AEC61}"
EndProject
Project("{9A19103F-16F7-4668-BE54-9A1E7A4F7556}") = "ShopCenter.Domain", "ShopCenter.Domain\ShopCenter.Domain.csproj", "{F988826B-B6AE-49D5-893F-552BE115C301}"
EndProject
Project("{9A19103F-16F7-4668-BE54-9A1E7A4F7556}") = "ShopCenter.Infrastructure.EFCore", "ShopCenter.Infrastructure.EFCore\ShopCenter.Infrastructure.EFCore.csproj", "{6B3003B5-22B3-4F71-83BD-D63F2F901F09}"
EndProject
Project("{9A19103F-16F7-4668-BE54-9A1E7A4F7556}") = "ShopCenter.Infrastructure.IoC", "ShopCenter.Infrastructure.IoC\ShopCenter.Infrastructure.IoC.csproj", "{F794F192-D555-452F-BF12-2CB89C19129A}"
EndProject
Global
	GlobalSection(SolutionConfigurationPlatforms) = preSolution
		Debug|Any CPU = Debug|Any CPU
		Release|Any CPU = Release|Any CPU
	EndGlobalSection
	GlobalSection(ProjectConfigurationPlatforms) = postSolution
		{7F9A16CA-40F8-436D-B823-09A2989B9AEF}.Debug|Any CPU.ActiveCfg = Debug|Any CPU
		{7F9A16CA-40F8-436D-B823-09A2989B9AEF}.Debug|Any CPU.Build.0 = Debug|Any CPU
		{7F9A16CA-40F8-436D-B823-09A2989B9AEF}.Release|Any CPU.ActiveCfg = Release|Any CPU
		{7F9A16CA-40F8-436D-B823-09A2989B9AEF}.Release|Any CPU.Build.0 = Release|Any CPU
		{90086BB7-AC5F-4350-ADBE-CE4E2F0AEC61}.Debug|Any CPU.ActiveCfg = Debug|Any CPU
		{90086BB7-AC5F-4350-ADBE-CE4E2F0AEC61}.Debug|Any CPU.Build.0 = Debug|Any CPU
		{90086BB7-AC5F-4350-ADBE-CE4E2F0AEC61}.Release|Any CPU.ActiveCfg = Release|Any CPU
		{90086BB7-AC5F-4350-ADBE-CE4E2F0AEC61}.Release|Any CPU.Build.0 = Release|Any CPU
		{F988826B-B6AE-49D5-893F-552BE115C301}.Debug|Any CPU.ActiveCfg = Debug|Any CPU
		{F988826B-B6AE-49D5-893F-552BE115C301}.Debug|Any CPU.Build.0 = Debug|Any CPU
		{F988826B-B6AE-49D5-893F-552BE115C301}.Release|Any CPU.ActiveCfg = Release|Any CPU
		{F988826B-B6AE-49D5-893F-552BE115C301}.Release|Any CPU.Build.0 = Release|Any CPU
		{6B3003B5-22B3-4F71-83BD-D63F2F901F09}.Debug|Any CPU.ActiveCfg = Debug|Any CPU
		{6B3003B5-22B3-4F71-83BD-D63F2F901F09}.Debug|Any CPU.Build.0 = Debug|Any CPU
		{6B3003B5-22B3-4F71-83BD-D63F2F901F09}.Release|Any CPU.ActiveCfg = Release|Any CPU
		{6B3003B5-22B3-4F71-83BD-D63F2F901F09}.Release|Any CPU.Build.0 = Release|Any CPU
		{F794F192-D555-452F-BF12-2CB89C19129A}.Debug|Any CPU.ActiveCfg = Debug|Any CPU
		{F794F192-D555-452F-BF12-2CB89C19129A}.Debug|Any CPU.Build.0 = Debug|Any CPU
		{F794F192-D555-452F-BF12-2CB89C19129A}.Release|Any CPU.ActiveCfg = Release|Any CPU
		{F794F192-D555-452F-BF12-2CB89C19129A}.Release|Any CPU.Build.0 = Release|Any CPU
	EndGlobalSection
	GlobalSection(SolutionProperties) = preSolution
		HideSolutionNode = FALSE
	EndGlobalSection
	GlobalSection(ExtensibilityGlobals) = postSolution
		SolutionGuid = {D377316E-5F54-4F8E-9EC9-726966B2F0C4}
	EndGlobalSection
EndGlobal
